
Microsoft Visual Studio Solution File, Format Version 12.00
# Visual Studio Version 17
VisualStudioVersion = 17.3.32611.2
MinimumVisualStudioVersion = 10.0.40219.1
Project("{9A19103F-16F7-4668-BE54-9A1E7A4F7556}") = "MauiDemo", "MauiDemo\MauiDemo.csproj", "{56E56434-1BFB-4042-9584-5C1D79C9A7D4}"
EndProject
Global
	GlobalSection(SolutionConfigurationPlatforms) = preSolution
		Debug|Any CPU = Debug|Any CPU
		Release|Any CPU = Release|Any CPU
	EndGlobalSection
	GlobalSection(ProjectConfigurationPlatforms) = postSolution
		{56E56434-1BFB-4042-9584-5C1D79C9A7D4}.Debug|Any CPU.ActiveCfg = Debug|Any CPU
		{56E56434-1BFB-4042-9584-5C1D79C9A7D4}.Debug|Any CPU.Build.0 = Debug|Any CPU
		{56E56434-1BFB-4042-9584-5C1D79C9A7D4}.Debug|Any CPU.Deploy.0 = Debug|Any CPU
		{56E56434-1BFB-4042-9584-5C1D79C9A7D4}.Release|Any CPU.ActiveCfg = Release|Any CPU
		{56E56434-1BFB-4042-9584-5C1D79C9A7D4}.Release|Any CPU.Build.0 = Release|Any CPU
		{56E56434-1BFB-4042-9584-5C1D79C9A7D4}.Release|Any CPU.Deploy.0 = Release|Any CPU
	EndGlobalSection
	GlobalSection(SolutionProperties) = preSolution
		HideSolutionNode = FALSE
	EndGlobalSection
	GlobalSection(ExtensibilityGlobals) = postSolution
		SolutionGuid = {41491284-6F0A-4753-84D0-85491DB823CD}
	EndGlobalSection
EndGlobal
