
Microsoft Visual Studio Solution File, Format Version 12.00
# Visual Studio Version 17
VisualStudioVersion = 17.3.32611.2
MinimumVisualStudioVersion = 10.0.40219.1
Project("{FAE04EC0-301F-11D3-BF4B-00C04F79EFBC}") = "iOSApp1", "iOSApp1\iOSApp1.csproj", "{B59F1F59-1ACF-403D-B9D1-AD95C0D67E8D}"
EndProject
Global
	GlobalSection(SolutionConfigurationPlatforms) = preSolution
		Debug|Any CPU = Debug|Any CPU
		Release|Any CPU = Release|Any CPU
	EndGlobalSection
	GlobalSection(ProjectConfigurationPlatforms) = postSolution
		{B59F1F59-1ACF-403D-B9D1-AD95C0D67E8D}.Debug|Any CPU.ActiveCfg = Debug|Any CPU
		{B59F1F59-1ACF-403D-B9D1-AD95C0D67E8D}.Debug|Any CPU.Build.0 = Debug|Any CPU
		{B59F1F59-1ACF-403D-B9D1-AD95C0D67E8D}.Debug|Any CPU.Deploy.0 = Debug|Any CPU
		{B59F1F59-1ACF-403D-B9D1-AD95C0D67E8D}.Release|Any CPU.ActiveCfg = Release|Any CPU
		{B59F1F59-1ACF-403D-B9D1-AD95C0D67E8D}.Release|Any CPU.Build.0 = Release|Any CPU
		{B59F1F59-1ACF-403D-B9D1-AD95C0D67E8D}.Release|Any CPU.Deploy.0 = Release|Any CPU
	EndGlobalSection
	GlobalSection(SolutionProperties) = preSolution
		HideSolutionNode = FALSE
	EndGlobalSection
	GlobalSection(ExtensibilityGlobals) = postSolution
		SolutionGuid = {08EE4998-0AD2-4E50-BEED-B0C29B0CCED8}
	EndGlobalSection
EndGlobal
